# This file is automatically @generated by Cargo.
# It is not intended for manual editing.
version = 3

[[package]]
name = "aho-corasick"
version = "0.7.15"
source = "registry+https://github.com/rust-lang/crates.io-index"
checksum = "7404febffaa47dac81aa44dba71523c9d069b1bdc50a77db41195149e17f68e5"
dependencies = [
 "memchr",
]

[[package]]
name = "ansi_term"
version = "0.11.0"
source = "registry+https://github.com/rust-lang/crates.io-index"
checksum = "ee49baf6cb617b853aa8d93bf420db2383fab46d314482ca2803b40d5fde979b"
dependencies = [
 "winapi",
]

[[package]]
name = "assert_cmd"
version = "1.0.3"
source = "registry+https://github.com/rust-lang/crates.io-index"
checksum = "f2475b58cd94eb4f70159f4fd8844ba3b807532fe3131b3373fae060bbe30396"
dependencies = [
 "bstr",
 "doc-comment",
 "predicates",
 "predicates-core",
 "predicates-tree",
 "wait-timeout",
]

[[package]]
name = "atty"
version = "0.2.14"
source = "registry+https://github.com/rust-lang/crates.io-index"
checksum = "d9b39be18770d11421cdb1b9947a45dd3f37e93092cbf377614828a319d5fee8"
dependencies = [
 "hermit-abi 0.1.18",
 "libc",
 "winapi",
]

[[package]]
name = "autocfg"
version = "1.0.1"
source = "registry+https://github.com/rust-lang/crates.io-index"
checksum = "cdb031dd78e28731d87d56cc8ffef4a8f36ca26c38fe2de700543e627f8a464a"

[[package]]
name = "bitflags"
version = "1.2.1"
source = "registry+https://github.com/rust-lang/crates.io-index"
checksum = "cf1de2fe8c75bc145a2f577add951f8134889b4795d47466a54a5c846d691693"

[[package]]
name = "bstr"
version = "0.2.15"
source = "registry+https://github.com/rust-lang/crates.io-index"
checksum = "a40b47ad93e1a5404e6c18dec46b628214fee441c70f4ab5d6942142cc268a3d"
dependencies = [
 "lazy_static",
 "memchr",
 "regex-automata",
 "serde",
]

[[package]]
name = "byteorder"
version = "1.4.3"
source = "registry+https://github.com/rust-lang/crates.io-index"
checksum = "14c189c53d098945499cdfa7ecc63567cf3886b3332b312a5b4585d8d3a6a610"

[[package]]
name = "cc"
version = "1.0.67"
source = "registry+https://github.com/rust-lang/crates.io-index"
checksum = "e3c69b077ad434294d3ce9f1f6143a2a4b89a8a2d54ef813d85003a4fd1137fd"

[[package]]
name = "cfg-if"
version = "1.0.0"
source = "registry+https://github.com/rust-lang/crates.io-index"
checksum = "baf1de4339761588bc0619e3cbc0120ee582ebb74b53b4efbf79117bd2da40fd"

[[package]]
name = "clap"
version = "2.33.3"
source = "registry+https://github.com/rust-lang/crates.io-index"
checksum = "37e58ac78573c40708d45522f0d80fa2f01cc4f9b4e2bf749807255454312002"
dependencies = [
 "ansi_term",
 "atty",
 "bitflags",
 "strsim",
 "textwrap",
 "unicode-width",
 "vec_map",
]

[[package]]
name = "crossbeam-channel"
version = "0.5.1"
source = "registry+https://github.com/rust-lang/crates.io-index"
checksum = "06ed27e177f16d65f0f0c22a213e17c696ace5dd64b14258b52f9417ccb52db4"
dependencies = [
 "cfg-if",
 "crossbeam-utils",
]

[[package]]
name = "crossbeam-deque"
version = "0.8.0"
source = "registry+https://github.com/rust-lang/crates.io-index"
checksum = "94af6efb46fef72616855b036a624cf27ba656ffc9be1b9a3c931cfc7749a9a9"
dependencies = [
 "cfg-if",
 "crossbeam-epoch",
 "crossbeam-utils",
]

[[package]]
name = "crossbeam-epoch"
version = "0.9.4"
source = "registry+https://github.com/rust-lang/crates.io-index"
checksum = "52fb27eab85b17fbb9f6fd667089e07d6a2eb8743d02639ee7f6a7a7729c9c94"
dependencies = [
 "cfg-if",
 "crossbeam-utils",
 "lazy_static",
 "memoffset",
 "scopeguard",
]

[[package]]
name = "crossbeam-utils"
version = "0.8.4"
source = "registry+https://github.com/rust-lang/crates.io-index"
checksum = "4feb231f0d4d6af81aed15928e58ecf5816aa62a2393e2c82f46973e92a9a278"
dependencies = [
 "autocfg",
 "cfg-if",
 "lazy_static",
]

[[package]]
name = "csv"
version = "1.1.6"
source = "registry+https://github.com/rust-lang/crates.io-index"
checksum = "22813a6dc45b335f9bade10bf7271dc477e81113e89eb251a0bc2a8a81c536e1"
dependencies = [
 "bstr",
 "csv-core",
 "itoa",
 "ryu",
 "serde",
]

[[package]]
name = "csv-core"
version = "0.1.10"
source = "registry+https://github.com/rust-lang/crates.io-index"
checksum = "2b2466559f260f48ad25fe6317b3c8dac77b5bdb5763ac7d9d6103530663bc90"
dependencies = [
 "memchr",
]

[[package]]
name = "difference"
version = "2.0.0"
source = "registry+https://github.com/rust-lang/crates.io-index"
checksum = "524cbf6897b527295dff137cec09ecf3a05f4fddffd7dfcd1585403449e74198"

[[package]]
name = "dirs-next"
version = "2.0.0"
source = "registry+https://github.com/rust-lang/crates.io-index"
checksum = "b98cf8ebf19c3d1b223e151f99a4f9f0690dca41414773390fc824184ac833e1"
dependencies = [
 "cfg-if",
 "dirs-sys-next",
]

[[package]]
name = "dirs-sys-next"
version = "0.1.2"
source = "registry+https://github.com/rust-lang/crates.io-index"
checksum = "4ebda144c4fe02d1f7ea1a7d9641b6fc6b580adcfa024ae48797ecdeb6825b4d"
dependencies = [
 "libc",
 "redox_users",
 "winapi",
]

[[package]]
name = "doc-comment"
version = "0.3.3"
source = "registry+https://github.com/rust-lang/crates.io-index"
checksum = "fea41bba32d969b513997752735605054bc0dfa92b4c56bf1189f2e174be7a10"

[[package]]
name = "either"
version = "1.6.1"
source = "registry+https://github.com/rust-lang/crates.io-index"
checksum = "e78d4f1cc4ae33bbfc157ed5d5a5ef3bc29227303d595861deb238fcec4e9457"

[[package]]
name = "encode_unicode"
version = "1.0.0"
source = "registry+https://github.com/rust-lang/crates.io-index"
checksum = "34aa73646ffb006b8f5147f3dc182bd4bcb190227ce861fc4a4844bf8e3cb2c0"

[[package]]
name = "errno"
version = "0.3.1"
source = "registry+https://github.com/rust-lang/crates.io-index"
checksum = "4bcfec3a70f97c962c307b2d2c56e358cf1d00b558d74262b5f929ee8cc7e73a"
dependencies = [
 "errno-dragonfly",
 "libc",
 "windows-sys",
]

[[package]]
name = "errno-dragonfly"
version = "0.1.2"
source = "registry+https://github.com/rust-lang/crates.io-index"
checksum = "aa68f1b12764fab894d2755d2518754e71b4fd80ecfb822714a1206c2aab39bf"
dependencies = [
 "cc",
 "libc",
]

[[package]]
name = "fnv"
version = "1.0.7"
source = "registry+https://github.com/rust-lang/crates.io-index"
checksum = "3f9eec918d3f24069decb9af1554cad7c880e2da24a9afd88aca000531ab82c1"

[[package]]
name = "getrandom"
version = "0.1.16"
source = "registry+https://github.com/rust-lang/crates.io-index"
checksum = "8fc3cb4d91f53b50155bdcfd23f6a4c39ae1969c2ae85982b135750cccaf5fce"
dependencies = [
 "cfg-if",
 "libc",
 "wasi 0.9.0+wasi-snapshot-preview1",
]

[[package]]
name = "getrandom"
version = "0.2.9"
source = "registry+https://github.com/rust-lang/crates.io-index"
checksum = "c85e1d9ab2eadba7e5040d4e09cbd6d072b76a557ad64e797c2cb9d4da21d7e4"
dependencies = [
 "cfg-if",
 "libc",
 "wasi 0.11.0+wasi-snapshot-preview1",
]

[[package]]
name = "glob"
version = "0.3.0"
source = "registry+https://github.com/rust-lang/crates.io-index"
checksum = "9b919933a397b79c37e33b77bb2aa3dc8eb6e165ad809e58ff75bc7db2e34574"

[[package]]
name = "globset"
version = "0.4.6"
source = "registry+https://github.com/rust-lang/crates.io-index"
checksum = "c152169ef1e421390738366d2f796655fec62621dabbd0fd476f905934061e4a"
dependencies = [
 "aho-corasick",
 "bstr",
 "fnv",
 "log",
 "regex",
]

[[package]]
name = "heck"
version = "0.3.2"
source = "registry+https://github.com/rust-lang/crates.io-index"
checksum = "87cbf45460356b7deeb5e3415b5563308c0a9b057c85e12b06ad551f98d0a6ac"
dependencies = [
 "unicode-segmentation",
]

[[package]]
name = "hermit-abi"
version = "0.1.18"
source = "registry+https://github.com/rust-lang/crates.io-index"
checksum = "322f4de77956e22ed0e5032c359a0f1273f1f7f0d79bfa3b8ffbc730d7fbcc5c"
dependencies = [
 "libc",
]

[[package]]
name = "hermit-abi"
version = "0.3.1"
source = "registry+https://github.com/rust-lang/crates.io-index"
checksum = "fed44880c466736ef9a5c5b5facefb5ed0785676d0c02d612db14e54f0d84286"

[[package]]
name = "ignore"
version = "0.4.17"
source = "registry+https://github.com/rust-lang/crates.io-index"
checksum = "b287fb45c60bb826a0dc68ff08742b9d88a2fea13d6e0c286b3172065aaf878c"
dependencies = [
 "crossbeam-utils",
 "globset",
 "lazy_static",
 "log",
 "memchr",
 "regex",
 "same-file",
 "thread_local",
 "walkdir",
 "winapi-util",
]

[[package]]
name = "io-lifetimes"
version = "1.0.10"
source = "registry+https://github.com/rust-lang/crates.io-index"
checksum = "9c66c74d2ae7e79a5a8f7ac924adbe38ee42a859c6539ad869eb51f0b52dc220"
dependencies = [
 "hermit-abi 0.3.1",
 "libc",
 "windows-sys",
]

[[package]]
name = "is-terminal"
version = "0.4.7"
source = "registry+https://github.com/rust-lang/crates.io-index"
checksum = "adcf93614601c8129ddf72e2d5633df827ba6551541c6d8c59520a371475be1f"
dependencies = [
 "hermit-abi 0.3.1",
 "io-lifetimes",
 "rustix",
 "windows-sys",
]

[[package]]
name = "itoa"
version = "0.4.7"
source = "registry+https://github.com/rust-lang/crates.io-index"
checksum = "dd25036021b0de88a0aff6b850051563c6516d0bf53f8638938edbb9de732736"

[[package]]
name = "lazy_static"
version = "1.4.0"
source = "registry+https://github.com/rust-lang/crates.io-index"
checksum = "e2abad23fbc42b3700f2f279844dc832adb2b2eb069b2df918f455c4e18cc646"

[[package]]
name = "libc"
version = "0.2.141"
source = "registry+https://github.com/rust-lang/crates.io-index"
checksum = "3304a64d199bb964be99741b7a14d26972741915b3649639149b2479bb46f4b5"

[[package]]
name = "linux-raw-sys"
version = "0.3.3"
source = "registry+https://github.com/rust-lang/crates.io-index"
checksum = "9b085a4f2cde5781fc4b1717f2e86c62f5cda49de7ba99a7c2eae02b61c9064c"

[[package]]
name = "log"
version = "0.4.14"
source = "registry+https://github.com/rust-lang/crates.io-index"
checksum = "51b9bbe6c47d51fc3e1a9b945965946b4c44142ab8792c50835a980d362c2710"
dependencies = [
 "cfg-if",
]

[[package]]
name = "memchr"
version = "2.3.4"
source = "registry+https://github.com/rust-lang/crates.io-index"
checksum = "0ee1c47aaa256ecabcaea351eae4a9b01ef39ed810004e298d2511ed284b1525"

[[package]]
name = "memoffset"
version = "0.6.3"
source = "registry+https://github.com/rust-lang/crates.io-index"
checksum = "f83fb6581e8ed1f85fd45c116db8405483899489e38406156c25eb743554361d"
dependencies = [
 "autocfg",
]

[[package]]
name = "num_cpus"
version = "1.13.0"
source = "registry+https://github.com/rust-lang/crates.io-index"
checksum = "05499f3756671c15885fee9034446956fff3f243d6077b91e5767df161f766b3"
dependencies = [
 "hermit-abi 0.1.18",
 "libc",
]

[[package]]
name = "once_cell"
version = "1.7.2"
source = "registry+https://github.com/rust-lang/crates.io-index"
checksum = "af8b08b04175473088b46763e51ee54da5f9a164bc162f615b91bc179dbf15a3"

[[package]]
name = "phf"
version = "0.8.0"
source = "registry+https://github.com/rust-lang/crates.io-index"
checksum = "3dfb61232e34fcb633f43d12c58f83c1df82962dcdfa565a4e866ffc17dafe12"
dependencies = [
 "phf_macros",
 "phf_shared",
 "proc-macro-hack",
]

[[package]]
name = "phf_generator"
version = "0.8.0"
source = "registry+https://github.com/rust-lang/crates.io-index"
checksum = "17367f0cc86f2d25802b2c26ee58a7b23faeccf78a396094c13dced0d0182526"
dependencies = [
 "phf_shared",
 "rand",
]

[[package]]
name = "phf_macros"
version = "0.8.0"
source = "registry+https://github.com/rust-lang/crates.io-index"
checksum = "7f6fde18ff429ffc8fe78e2bf7f8b7a5a5a6e2a8b58bc5a9ac69198bbda9189c"
dependencies = [
 "phf_generator",
 "phf_shared",
 "proc-macro-hack",
 "proc-macro2",
 "quote",
 "syn",
]

[[package]]
name = "phf_shared"
version = "0.8.0"
source = "registry+https://github.com/rust-lang/crates.io-index"
checksum = "c00cf8b9eafe68dde5e9eaa2cef8ee84a9336a47d566ec55ca16589633b65af7"
dependencies = [
 "siphasher",
]

[[package]]
name = "ppv-lite86"
version = "0.2.10"
source = "registry+https://github.com/rust-lang/crates.io-index"
checksum = "ac74c624d6b2d21f425f752262f42188365d7b8ff1aff74c82e45136510a4857"

[[package]]
name = "predicates"
version = "1.0.8"
source = "registry+https://github.com/rust-lang/crates.io-index"
checksum = "f49cfaf7fdaa3bfacc6fa3e7054e65148878354a5cfddcf661df4c851f8021df"
dependencies = [
 "difference",
 "predicates-core",
]

[[package]]
name = "predicates-core"
version = "1.0.2"
source = "registry+https://github.com/rust-lang/crates.io-index"
checksum = "57e35a3326b75e49aa85f5dc6ec15b41108cf5aee58eabb1f274dd18b73c2451"

[[package]]
name = "predicates-tree"
version = "1.0.2"
source = "registry+https://github.com/rust-lang/crates.io-index"
checksum = "15f553275e5721409451eb85e15fd9a860a6e5ab4496eb215987502b5f5391f2"
dependencies = [
 "predicates-core",
 "treeline",
]

[[package]]
name = "prettytable-rs"
version = "0.10.0"
source = "registry+https://github.com/rust-lang/crates.io-index"
checksum = "eea25e07510aa6ab6547308ebe3c036016d162b8da920dbb079e3ba8acf3d95a"
dependencies = [
 "csv",
 "encode_unicode",
 "is-terminal",
 "lazy_static",
 "term",
 "unicode-width",
]

[[package]]
name = "proc-macro-error"
version = "1.0.4"
source = "registry+https://github.com/rust-lang/crates.io-index"
checksum = "da25490ff9892aab3fcf7c36f08cfb902dd3e71ca0f9f9517bea02a73a5ce38c"
dependencies = [
 "proc-macro-error-attr",
 "proc-macro2",
 "quote",
 "syn",
 "version_check",
]

[[package]]
name = "proc-macro-error-attr"
version = "1.0.4"
source = "registry+https://github.com/rust-lang/crates.io-index"
checksum = "a1be40180e52ecc98ad80b184934baf3d0d29f979574e439af5a55274b35f869"
dependencies = [
 "proc-macro2",
 "quote",
 "version_check",
]

[[package]]
name = "proc-macro-hack"
version = "0.5.19"
source = "registry+https://github.com/rust-lang/crates.io-index"
checksum = "dbf0c48bc1d91375ae5c3cd81e3722dff1abcf81a30960240640d223f59fe0e5"

[[package]]
name = "proc-macro2"
version = "1.0.26"
source = "registry+https://github.com/rust-lang/crates.io-index"
checksum = "a152013215dca273577e18d2bf00fa862b89b24169fb78c4c95aeb07992c9cec"
dependencies = [
 "unicode-xid",
]

[[package]]
name = "quote"
version = "1.0.9"
source = "registry+https://github.com/rust-lang/crates.io-index"
checksum = "c3d0b9745dc2debf507c8422de05d7226cc1f0644216dfdfead988f9b1ab32a7"
dependencies = [
 "proc-macro2",
]

[[package]]
name = "rand"
version = "0.7.3"
source = "registry+https://github.com/rust-lang/crates.io-index"
checksum = "6a6b1679d49b24bbfe0c803429aa1874472f50d9b363131f0e89fc356b544d03"
dependencies = [
 "getrandom 0.1.16",
 "libc",
 "rand_chacha",
 "rand_core",
 "rand_hc",
 "rand_pcg",
]

[[package]]
name = "rand_chacha"
version = "0.2.2"
source = "registry+https://github.com/rust-lang/crates.io-index"
checksum = "f4c8ed856279c9737206bf725bf36935d8666ead7aa69b52be55af369d193402"
dependencies = [
 "ppv-lite86",
 "rand_core",
]

[[package]]
name = "rand_core"
version = "0.5.1"
source = "registry+https://github.com/rust-lang/crates.io-index"
checksum = "90bde5296fc891b0cef12a6d03ddccc162ce7b2aff54160af9338f8d40df6d19"
dependencies = [
 "getrandom 0.1.16",
]

[[package]]
name = "rand_hc"
version = "0.2.0"
source = "registry+https://github.com/rust-lang/crates.io-index"
checksum = "ca3129af7b92a17112d59ad498c6f81eaf463253766b90396d39ea7a39d6613c"
dependencies = [
 "rand_core",
]

[[package]]
name = "rand_pcg"
version = "0.2.1"
source = "registry+https://github.com/rust-lang/crates.io-index"
checksum = "16abd0c1b639e9eb4d7c50c0b8100b0d0f849be2349829c740fe8e6eb4816429"
dependencies = [
 "rand_core",
]

[[package]]
name = "rayon"
version = "1.5.0"
source = "registry+https://github.com/rust-lang/crates.io-index"
checksum = "8b0d8e0819fadc20c74ea8373106ead0600e3a67ef1fe8da56e39b9ae7275674"
dependencies = [
 "autocfg",
 "crossbeam-deque",
 "either",
 "rayon-core",
]

[[package]]
name = "rayon-core"
version = "1.9.0"
source = "registry+https://github.com/rust-lang/crates.io-index"
checksum = "9ab346ac5921dc62ffa9f89b7a773907511cdfa5490c572ae9be1be33e8afa4a"
dependencies = [
 "crossbeam-channel",
 "crossbeam-deque",
 "crossbeam-utils",
 "lazy_static",
 "num_cpus",
]

[[package]]
name = "redox_syscall"
version = "0.2.16"
source = "registry+https://github.com/rust-lang/crates.io-index"
checksum = "fb5a58c1855b4b6819d59012155603f0b22ad30cad752600aadfcb695265519a"
dependencies = [
 "bitflags",
]

[[package]]
name = "redox_users"
version = "0.4.3"
source = "registry+https://github.com/rust-lang/crates.io-index"
checksum = "b033d837a7cf162d7993aded9304e30a83213c648b6e389db233191f891e5c2b"
dependencies = [
 "getrandom 0.2.9",
 "redox_syscall",
 "thiserror",
]

[[package]]
name = "regex"
version = "1.4.6"
source = "registry+https://github.com/rust-lang/crates.io-index"
checksum = "2a26af418b574bd56588335b3a3659a65725d4e636eb1016c2f9e3b38c7cc759"
dependencies = [
 "aho-corasick",
 "memchr",
 "regex-syntax",
]

[[package]]
name = "regex-automata"
version = "0.1.9"
source = "registry+https://github.com/rust-lang/crates.io-index"
checksum = "ae1ded71d66a4a97f5e961fd0cb25a5f366a42a41570d16a763a69c092c26ae4"
dependencies = [
 "byteorder",
]

[[package]]
name = "regex-syntax"
version = "0.6.23"
source = "registry+https://github.com/rust-lang/crates.io-index"
checksum = "24d5f089152e60f62d28b835fbff2cd2e8dc0baf1ac13343bef92ab7eed84548"

[[package]]
name = "rustix"
version = "0.37.12"
source = "registry+https://github.com/rust-lang/crates.io-index"
checksum = "722529a737f5a942fdbac3a46cee213053196737c5eaa3386d52e85b786f2659"
dependencies = [
 "bitflags",
 "errno",
 "io-lifetimes",
 "libc",
 "linux-raw-sys",
 "windows-sys",
]

[[package]]
name = "rustversion"
version = "1.0.12"
source = "registry+https://github.com/rust-lang/crates.io-index"
checksum = "4f3208ce4d8448b3f3e7d168a73f5e0c43a61e32930de3bceeccedb388b6bf06"

[[package]]
name = "ryu"
version = "1.0.5"
source = "registry+https://github.com/rust-lang/crates.io-index"
checksum = "71d301d4193d031abdd79ff7e3dd721168a9572ef3fe51a1517aba235bd8f86e"

[[package]]
name = "same-file"
version = "1.0.6"
source = "registry+https://github.com/rust-lang/crates.io-index"
checksum = "93fc1dc3aaa9bfed95e02e6eadabb4baf7e3078b0bd1b4d7b6b0b68378900502"
dependencies = [
 "winapi-util",
]

[[package]]
name = "scopeguard"
version = "1.1.0"
source = "registry+https://github.com/rust-lang/crates.io-index"
checksum = "d29ab0c6d3fc0ee92fe66e2d99f700eab17a8d57d1c1d3b748380fb20baa78cd"

[[package]]
name = "serde"
version = "1.0.125"
source = "registry+https://github.com/rust-lang/crates.io-index"
checksum = "558dc50e1a5a5fa7112ca2ce4effcb321b0300c0d4ccf0776a9f60cd89031171"

[[package]]
name = "siphasher"
version = "0.3.5"
source = "registry+https://github.com/rust-lang/crates.io-index"
checksum = "cbce6d4507c7e4a3962091436e56e95290cb71fa302d0d270e32130b75fbff27"

[[package]]
name = "strsim"
version = "0.8.0"
source = "registry+https://github.com/rust-lang/crates.io-index"
checksum = "8ea5119cdb4c55b55d432abb513a0429384878c15dde60cc77b1c99de1a95a6a"

[[package]]
name = "structopt"
version = "0.3.21"
source = "registry+https://github.com/rust-lang/crates.io-index"
checksum = "5277acd7ee46e63e5168a80734c9f6ee81b1367a7d8772a2d765df2a3705d28c"
dependencies = [
 "clap",
 "lazy_static",
 "structopt-derive",
]

[[package]]
name = "structopt-derive"
version = "0.4.14"
source = "registry+https://github.com/rust-lang/crates.io-index"
checksum = "5ba9cdfda491b814720b6b06e0cac513d922fc407582032e8706e9f137976f90"
dependencies = [
 "heck",
 "proc-macro-error",
 "proc-macro2",
 "quote",
 "syn",
]

[[package]]
name = "syn"
version = "1.0.70"
source = "registry+https://github.com/rust-lang/crates.io-index"
checksum = "b9505f307c872bab8eb46f77ae357c8eba1fdacead58ee5a850116b1d7f82883"
dependencies = [
 "proc-macro2",
 "quote",
 "unicode-xid",
]

[[package]]
name = "tcount"
version = "0.1.0"
dependencies = [
 "assert_cmd",
 "cc",
 "glob",
 "ignore",
 "phf",
 "prettytable-rs",
 "rayon",
 "regex",
 "structopt",
 "tree-sitter",
 "tree-sitter-bash",
 "tree-sitter-bibtex",
 "tree-sitter-c",
 "tree-sitter-c-sharp",
 "tree-sitter-clojure",
 "tree-sitter-cpp",
 "tree-sitter-css",
 "tree-sitter-elm",
 "tree-sitter-embedded-template",
 "tree-sitter-erlang",
 "tree-sitter-go",
 "tree-sitter-html",
 "tree-sitter-java",
 "tree-sitter-javascript",
 "tree-sitter-json",
 "tree-sitter-julia",
 "tree-sitter-latex",
 "tree-sitter-lua",
 "tree-sitter-markdown",
 "tree-sitter-ocaml",
 "tree-sitter-python",
 "tree-sitter-query",
 "tree-sitter-ruby",
 "tree-sitter-rust",
 "tree-sitter-scala",
 "tree-sitter-svelte",
 "tree-sitter-typescript",
]

[[package]]
name = "term"
version = "0.7.0"
source = "registry+https://github.com/rust-lang/crates.io-index"
checksum = "c59df8ac95d96ff9bede18eb7300b0fda5e5d8d90960e76f8e14ae765eedbf1f"
dependencies = [
 "dirs-next",
 "rustversion",
 "winapi",
]

[[package]]
name = "textwrap"
version = "0.11.0"
source = "registry+https://github.com/rust-lang/crates.io-index"
checksum = "d326610f408c7a4eb6f51c37c330e496b08506c9457c9d34287ecc38809fb060"
dependencies = [
 "unicode-width",
]

[[package]]
name = "thiserror"
version = "1.0.39"
source = "registry+https://github.com/rust-lang/crates.io-index"
checksum = "a5ab016db510546d856297882807df8da66a16fb8c4101cb8b30054b0d5b2d9c"
dependencies = [
 "thiserror-impl",
]

[[package]]
name = "thiserror-impl"
version = "1.0.39"
source = "registry+https://github.com/rust-lang/crates.io-index"
checksum = "5420d42e90af0c38c3290abcca25b9b3bdf379fc9f55c528f53a269d9c9a267e"
dependencies = [
 "proc-macro2",
 "quote",
 "syn",
]

[[package]]
name = "thread_local"
version = "1.1.3"
source = "registry+https://github.com/rust-lang/crates.io-index"
checksum = "8018d24e04c95ac8790716a5987d0fec4f8b27249ffa0f7d33f1369bdfb88cbd"
dependencies = [
 "once_cell",
]

[[package]]
name = "tree-sitter"
version = "0.19.3"
source = "registry+https://github.com/rust-lang/crates.io-index"
checksum = "1f41201fed3db3b520405a9c01c61773a250d4c3f43e9861c14b2bb232c981ab"
dependencies = [
 "cc",
 "regex",
]

[[package]]
name = "tree-sitter-bash"
version = "0.19.0"
source = "registry+https://github.com/rust-lang/crates.io-index"
checksum = "c629e2d29ebb85b34cd195a1c511a161ed775451456cde110470e7af693424db"
dependencies = [
 "cc",
 "tree-sitter",
]

[[package]]
name = "tree-sitter-bibtex"
version = "0.0.1"
source = "git+https://github.com/latex-lsp/tree-sitter-bibtex#ccfd77db0ed799b6c22c214fe9d2937f47bc8b34"
dependencies = [
 "cc",
 "tree-sitter",
]

[[package]]
name = "tree-sitter-c"
version = "0.16.0"
source = "git+https://github.com/tree-sitter/tree-sitter-c#f05e279aedde06a25801c3f2b2cc8ac17fac52ae"
dependencies = [
 "cc",
 "tree-sitter",
]

[[package]]
name = "tree-sitter-c-sharp"
version = "0.19.0"
source = "git+https://github.com/tree-sitter/tree-sitter-c-sharp#851ac4735f66ec9c479096cc21bf58519da49faa"
dependencies = [
 "cc",
 "tree-sitter",
]

[[package]]
name = "tree-sitter-clojure"
version = "0.0.8"
source = "git+https://github.com/sogaiu/tree-sitter-clojure#f7d100c4fbaa8aad537e80c7974c470c7fb6aeda"
dependencies = [
 "cc",
 "tree-sitter",
]

[[package]]
name = "tree-sitter-cpp"
version = "0.19.0"
source = "registry+https://github.com/rust-lang/crates.io-index"
checksum = "c7bd90c7b7db59369ed00fbc40458d9c9b2b8ed145640e337e839ac07aa63e15"
dependencies = [
 "cc",
 "tree-sitter",
]

[[package]]
name = "tree-sitter-css"
version = "0.19.0"
source = "git+https://github.com/tree-sitter/tree-sitter-css#94e10230939e702b4fa3fa2cb5c3bc7173b95d07"
dependencies = [
 "cc",
 "tree-sitter",
]

[[package]]
name = "tree-sitter-elm"
version = "5.3.3"
source = "registry+https://github.com/rust-lang/crates.io-index"
checksum = "36bfeebf505b6cbbb0100ec2d8d725c053728a53570154ce76ebe77dfc3bafeb"
dependencies = [
 "cc",
 "tree-sitter",
]

[[package]]
name = "tree-sitter-embedded-template"
version = "0.19.0"
source = "registry+https://github.com/rust-lang/crates.io-index"
checksum = "193fe1e3b39f71785d1890e4ac7bedd9be3d797f5db6363884415804fd516d93"
dependencies = [
 "cc",
 "tree-sitter",
]

[[package]]
name = "tree-sitter-erlang"
version = "0.0.1"
source = "git+https://github.com/AbstractMachinesLab/tree-sitter-erlang?branch=main#fea0141fb1e6d3af45c3d8f45441766793ed6e30"
dependencies = [
 "cc",
 "tree-sitter",
]

[[package]]
name = "tree-sitter-go"
version = "0.19.0"
source = "git+https://github.com/tree-sitter/tree-sitter-go#2a2fbf271ad6b864202f97101a2809009957535e"
dependencies = [
 "cc",
 "tree-sitter",
]

[[package]]
name = "tree-sitter-html"
version = "0.19.0"
source = "git+https://github.com/tree-sitter/tree-sitter-html#d93af487cc75120c89257195e6be46c999c6ba18"
dependencies = [
 "cc",
 "tree-sitter",
]

[[package]]
name = "tree-sitter-java"
version = "0.19.0"
source = "registry+https://github.com/rust-lang/crates.io-index"
checksum = "301ae2ee7813e1bf935dc06db947642400645bbea8878431e1b31131488d5430"
dependencies = [
 "cc",
 "tree-sitter",
]

[[package]]
name = "tree-sitter-javascript"
version = "0.19.0"
source = "registry+https://github.com/rust-lang/crates.io-index"
checksum = "840bb4d5f3c384cb76b976ff07297f5a24b6e61a708baa4464f53e395caaa5f9"
dependencies = [
 "cc",
 "tree-sitter",
]

[[package]]
name = "tree-sitter-json"
version = "0.19.0"
source = "git+https://github.com/tree-sitter/tree-sitter-json#65bceef69c3b0f24c0b19ce67d79f57c96e90fcb"
dependencies = [
 "cc",
 "tree-sitter",
]

[[package]]
name = "tree-sitter-julia"
version = "0.19.0"
source = "git+https://github.com/tree-sitter/tree-sitter-julia#0ba7a24b062b671263ae08e707e9e94383b25bb7"
dependencies = [
 "cc",
 "tree-sitter",
]

[[package]]
name = "tree-sitter-latex"
version = "0.0.1"
source = "git+https://github.com/latex-lsp/tree-sitter-latex#ea43db6830632fd3531b9cbc34a93502b0d4339a"
dependencies = [
 "cc",
 "tree-sitter",
]

[[package]]
name = "tree-sitter-lua"
version = "0.0.1"
source = "git+https://github.com/nvim-treesitter/tree-sitter-lua#b6d4e9e10ccb7b3afb45018fbc391b4439306b23"
dependencies = [
 "cc",
 "tree-sitter",
]

[[package]]
name = "tree-sitter-markdown"
version = "0.7.1"
source = "registry+https://github.com/rust-lang/crates.io-index"
checksum = "c7c1cfe0396b0e500cc99067bcd2d48720eb08a077e2690194f0c3a3d105f9a0"
dependencies = [
 "cc",
 "tree-sitter",
]

[[package]]
name = "tree-sitter-ocaml"
version = "0.19.0"
source = "registry+https://github.com/rust-lang/crates.io-index"
checksum = "0d881da432193e7eea77c8973112d0f58f34d019e6b6be64c341b8e9214aaa07"
dependencies = [
 "cc",
 "tree-sitter",
]

[[package]]
name = "tree-sitter-python"
version = "0.19.0"
source = "registry+https://github.com/rust-lang/crates.io-index"
checksum = "5646bfe71c4eb1c21b714ce0c38334c311eab767095582859e85da6281e9fd6c"
dependencies = [
 "cc",
 "tree-sitter",
]

[[package]]
name = "tree-sitter-query"
version = "0.0.1"
source = "git+https://github.com/nvim-treesitter/tree-sitter-query#bc753fa4d8349bd6280f634f57bd6e7be9a3ed17"
dependencies = [
 "cc",
 "tree-sitter",
]

[[package]]
name = "tree-sitter-ruby"
version = "0.19.0"
source = "git+https://github.com/tree-sitter/tree-sitter-ruby#963b7b8b20c6cf30a4a12a5d2a58b5fe0a482558"
dependencies = [
 "cc",
 "tree-sitter",
]

[[package]]
name = "tree-sitter-rust"
version = "0.19.0"
source = "registry+https://github.com/rust-lang/crates.io-index"
checksum = "784f7ef9cdbd4c895dc2d4bb785e95b4a5364a602eec803681db83d1927ddf15"
dependencies = [
 "cc",
 "tree-sitter",
]

[[package]]
name = "tree-sitter-scala"
version = "0.19.0"
source = "git+https://github.com/tree-sitter/tree-sitter-scala#fb23ed9a99da012d86b7a5059b9d8928607cce29"
dependencies = [
 "cc",
 "tree-sitter",
]

[[package]]
name = "tree-sitter-svelte"
version = "0.8.1"
source = "registry+https://github.com/rust-lang/crates.io-index"
checksum = "6dfa5b26f6d47737e8ed37d48782030665beabb88f8a80540cc67756eca38266"
dependencies = [
 "cc",
 "tree-sitter",
]

[[package]]
name = "tree-sitter-typescript"
version = "0.19.0"
source = "registry+https://github.com/rust-lang/crates.io-index"
checksum = "d3f62d49c6e56bf291c412ee5e178ea14dff40f14a5f01a8847933f56d65bf3b"
dependencies = [
 "cc",
 "tree-sitter",
]

[[package]]
name = "treeline"
version = "0.1.0"
source = "registry+https://github.com/rust-lang/crates.io-index"
checksum = "a7f741b240f1a48843f9b8e0444fb55fb2a4ff67293b50a9179dfd5ea67f8d41"

[[package]]
name = "unicode-segmentation"
version = "1.7.1"
source = "registry+https://github.com/rust-lang/crates.io-index"
checksum = "bb0d2e7be6ae3a5fa87eed5fb451aff96f2573d2694942e40543ae0bbe19c796"

[[package]]
name = "unicode-width"
version = "0.1.8"
source = "registry+https://github.com/rust-lang/crates.io-index"
checksum = "9337591893a19b88d8d87f2cec1e73fad5cdfd10e5a6f349f498ad6ea2ffb1e3"

[[package]]
name = "unicode-xid"
version = "0.2.1"
source = "registry+https://github.com/rust-lang/crates.io-index"
checksum = "f7fe0bb3479651439c9112f72b6c505038574c9fbb575ed1bf3b797fa39dd564"

[[package]]
name = "vec_map"
version = "0.8.2"
source = "registry+https://github.com/rust-lang/crates.io-index"
checksum = "f1bddf1187be692e79c5ffeab891132dfb0f236ed36a43c7ed39f1165ee20191"

[[package]]
name = "version_check"
version = "0.9.3"
source = "registry+https://github.com/rust-lang/crates.io-index"
checksum = "5fecdca9a5291cc2b8dcf7dc02453fee791a280f3743cb0905f8822ae463b3fe"

[[package]]
name = "wait-timeout"
version = "0.2.0"
source = "registry+https://github.com/rust-lang/crates.io-index"
checksum = "9f200f5b12eb75f8c1ed65abd4b2db8a6e1b138a20de009dacee265a2498f3f6"
dependencies = [
 "libc",
]

[[package]]
name = "walkdir"
version = "2.3.2"
source = "registry+https://github.com/rust-lang/crates.io-index"
checksum = "808cf2735cd4b6866113f648b791c6adc5714537bc222d9347bb203386ffda56"
dependencies = [
 "same-file",
 "winapi",
 "winapi-util",
]

[[package]]
name = "wasi"
version = "0.9.0+wasi-snapshot-preview1"
source = "registry+https://github.com/rust-lang/crates.io-index"
checksum = "cccddf32554fecc6acb585f82a32a72e28b48f8c4c1883ddfeeeaa96f7d8e519"

[[package]]
name = "wasi"
version = "0.11.0+wasi-snapshot-preview1"
source = "registry+https://github.com/rust-lang/crates.io-index"
checksum = "9c8d87e72b64a3b4db28d11ce29237c246188f4f51057d65a7eab63b7987e423"

[[package]]
name = "winapi"
version = "0.3.9"
source = "registry+https://github.com/rust-lang/crates.io-index"
checksum = "5c839a674fcd7a98952e593242ea400abe93992746761e38641405d28b00f419"
dependencies = [
 "winapi-i686-pc-windows-gnu",
 "winapi-x86_64-pc-windows-gnu",
]

[[package]]
name = "winapi-i686-pc-windows-gnu"
version = "0.4.0"
source = "registry+https://github.com/rust-lang/crates.io-index"
checksum = "ac3b87c63620426dd9b991e5ce0329eff545bccbbb34f3be09ff6fb6ab51b7b6"

[[package]]
name = "winapi-util"
version = "0.1.5"
source = "registry+https://github.com/rust-lang/crates.io-index"
checksum = "70ec6ce85bb158151cae5e5c87f95a8e97d2c0c4b001223f33a334e3ce5de178"
dependencies = [
 "winapi",
]

[[package]]
name = "winapi-x86_64-pc-windows-gnu"
version = "0.4.0"
source = "registry+https://github.com/rust-lang/crates.io-index"
checksum = "712e227841d057c1ee1cd2fb22fa7e5a5461ae8e48fa2ca79ec42cfc1931183f"

[[package]]
name = "windows-sys"
version = "0.48.0"
source = "registry+https://github.com/rust-lang/crates.io-index"
checksum = "677d2418bec65e3338edb076e806bc1ec15693c5d0104683f2efe857f61056a9"
dependencies = [
 "windows-targets",
]

[[package]]
name = "windows-targets"
version = "0.48.0"
source = "registry+https://github.com/rust-lang/crates.io-index"
checksum = "7b1eb6f0cd7c80c79759c929114ef071b87354ce476d9d94271031c0497adfd5"
dependencies = [
 "windows_aarch64_gnullvm",
 "windows_aarch64_msvc",
 "windows_i686_gnu",
 "windows_i686_msvc",
 "windows_x86_64_gnu",
 "windows_x86_64_gnullvm",
 "windows_x86_64_msvc",
]

[[package]]
name = "windows_aarch64_gnullvm"
version = "0.48.0"
source = "registry+https://github.com/rust-lang/crates.io-index"
checksum = "91ae572e1b79dba883e0d315474df7305d12f569b400fcf90581b06062f7e1bc"

[[package]]
name = "windows_aarch64_msvc"
version = "0.48.0"
source = "registry+https://github.com/rust-lang/crates.io-index"
checksum = "b2ef27e0d7bdfcfc7b868b317c1d32c641a6fe4629c171b8928c7b08d98d7cf3"

[[package]]
name = "windows_i686_gnu"
version = "0.48.0"
source = "registry+https://github.com/rust-lang/crates.io-index"
checksum = "622a1962a7db830d6fd0a69683c80a18fda201879f0f447f065a3b7467daa241"

[[package]]
name = "windows_i686_msvc"
version = "0.48.0"
source = "registry+https://github.com/rust-lang/crates.io-index"
checksum = "4542c6e364ce21bf45d69fdd2a8e455fa38d316158cfd43b3ac1c5b1b19f8e00"

[[package]]
name = "windows_x86_64_gnu"
version = "0.48.0"
source = "registry+https://github.com/rust-lang/crates.io-index"
checksum = "ca2b8a661f7628cbd23440e50b05d705db3686f894fc9580820623656af974b1"

[[package]]
name = "windows_x86_64_gnullvm"
version = "0.48.0"
source = "registry+https://github.com/rust-lang/crates.io-index"
checksum = "7896dbc1f41e08872e9d5e8f8baa8fdd2677f29468c4e156210174edc7f7b953"

[[package]]
name = "windows_x86_64_msvc"
version = "0.48.0"
source = "registry+https://github.com/rust-lang/crates.io-index"
checksum = "1a515f5799fe4961cb532f983ce2b23082366b898e52ffbce459c86f67c8378a"
